
Microsoft Visual Studio Solution File, Format Version 12.00
# Visual Studio Version 17
VisualStudioVersion = 17.0.31903.59
MinimumVisualStudioVersion = 10.0.40219.1
Project("{2150E333-8FDC-42A3-9474-1A3956D46DE8}") = "src", "src", "{894583C4-AE3D-4DD3-8A50-A85A5BD2C559}"
EndProject
Project("{FAE04EC0-301F-11D3-BF4B-00C04F79EFBC}") = "MURO.Domain", "src\MURO.Domain\MURO.Domain.csproj", "{96700FE2-53CD-4813-AC71-C58578DE8766}"
EndProject
Project("{FAE04EC0-301F-11D3-BF4B-00C04F79EFBC}") = "MURO.Application", "src\MURO.Application\MURO.Application.csproj", "{A228351F-1691-47E3-915A-8A1A66AFDBD6}"
EndProject
Project("{FAE04EC0-301F-11D3-BF4B-00C04F79EFBC}") = "MURO.Infrastructure", "src\MURO.Infrastructure\MURO.Infrastructure.csproj", "{41896F20-F1E1-4B87-8704-985900477255}"
EndProject
Project("{FAE04EC0-301F-11D3-BF4B-00C04F79EFBC}") = "MURO.API", "src\MURO.API\MURO.API.csproj", "{F5418AE9-E72D-450F-A1B9-89550D23C397}"
EndProject
Project("{FAE04EC0-301F-11D3-BF4B-00C04F79EFBC}") = "MURO.Worker", "src\MURO.Worker\MURO.Worker.csproj", "{43514667-339B-4F7E-8B7F-C9E782C40408}"
EndProject
Global
	GlobalSection(SolutionConfigurationPlatforms) = preSolution
		Debug|Any CPU = Debug|Any CPU
		Release|Any CPU = Release|Any CPU
	EndGlobalSection
	GlobalSection(SolutionProperties) = preSolution
		HideSolutionNode = FALSE
	EndGlobalSection
	GlobalSection(ProjectConfigurationPlatforms) = postSolution
		{96700FE2-53CD-4813-AC71-C58578DE8766}.Debug|Any CPU.ActiveCfg = Debug|Any CPU
		{96700FE2-53CD-4813-AC71-C58578DE8766}.Debug|Any CPU.Build.0 = Debug|Any CPU
		{96700FE2-53CD-4813-AC71-C58578DE8766}.Release|Any CPU.ActiveCfg = Release|Any CPU
		{96700FE2-53CD-4813-AC71-C58578DE8766}.Release|Any CPU.Build.0 = Release|Any CPU
		{A228351F-1691-47E3-915A-8A1A66AFDBD6}.Debug|Any CPU.ActiveCfg = Debug|Any CPU
		{A228351F-1691-47E3-915A-8A1A66AFDBD6}.Debug|Any CPU.Build.0 = Debug|Any CPU
		{A228351F-1691-47E3-915A-8A1A66AFDBD6}.Release|Any CPU.ActiveCfg = Release|Any CPU
		{A228351F-1691-47E3-915A-8A1A66AFDBD6}.Release|Any CPU.Build.0 = Release|Any CPU
		{41896F20-F1E1-4B87-8704-985900477255}.Debug|Any CPU.ActiveCfg = Debug|Any CPU
		{41896F20-F1E1-4B87-8704-985900477255}.Debug|Any CPU.Build.0 = Debug|Any CPU
		{41896F20-F1E1-4B87-8704-985900477255}.Release|Any CPU.ActiveCfg = Release|Any CPU
		{41896F20-F1E1-4B87-8704-985900477255}.Release|Any CPU.Build.0 = Release|Any CPU
		{F5418AE9-E72D-450F-A1B9-89550D23C397}.Debug|Any CPU.ActiveCfg = Debug|Any CPU
		{F5418AE9-E72D-450F-A1B9-89550D23C397}.Debug|Any CPU.Build.0 = Debug|Any CPU
		{F5418AE9-E72D-450F-A1B9-89550D23C397}.Release|Any CPU.ActiveCfg = Release|Any CPU
		{F5418AE9-E72D-450F-A1B9-89550D23C397}.Release|Any CPU.Build.0 = Release|Any CPU
		{43514667-339B-4F7E-8B7F-C9E782C40408}.Debug|Any CPU.ActiveCfg = Debug|Any CPU
		{43514667-339B-4F7E-8B7F-C9E782C40408}.Debug|Any CPU.Build.0 = Debug|Any CPU
		{43514667-339B-4F7E-8B7F-C9E782C40408}.Release|Any CPU.ActiveCfg = Release|Any CPU
		{43514667-339B-4F7E-8B7F-C9E782C40408}.Release|Any CPU.Build.0 = Release|Any CPU
	EndGlobalSection
	GlobalSection(NestedProjects) = preSolution
		{96700FE2-53CD-4813-AC71-C58578DE8766} = {894583C4-AE3D-4DD3-8A50-A85A5BD2C559}
		{A228351F-1691-47E3-915A-8A1A66AFDBD6} = {894583C4-AE3D-4DD3-8A50-A85A5BD2C559}
		{41896F20-F1E1-4B87-8704-985900477255} = {894583C4-AE3D-4DD3-8A50-A85A5BD2C559}
		{F5418AE9-E72D-450F-A1B9-89550D23C397} = {894583C4-AE3D-4DD3-8A50-A85A5BD2C559}
		{43514667-339B-4F7E-8B7F-C9E782C40408} = {894583C4-AE3D-4DD3-8A50-A85A5BD2C559}
	EndGlobalSection
EndGlobal
